{
    "_readme": [
        "This file locks the dependencies of your project to a known state",
        "Read more about it at https://getcomposer.org/doc/01-basic-usage.md#composer-lock-the-lock-file",
        "This file is @generated automatically"
    ],
    "content-hash": "f88b048a17f6263d70112ddd387331dd",
    "packages": [
        {
            "name": "boldgrid/wp-menu-helpers",
            "version": "dev-master",
            "source": {
                "type": "git",
                "url": "https://github.com/BoldGrid/wp-menu-helpers.git",
                "reference": "70a5d7e40bca0d0feafdeba9b13570934df38740"
            },
            "dist": {
                "type": "zip",
                "url": "https://api.github.com/repos/BoldGrid/wp-menu-helpers/zipball/70a5d7e40bca0d0feafdeba9b13570934df38740",
                "reference": "70a5d7e40bca0d0feafdeba9b13570934df38740",
                "shasum": ""
            },
            "type": "library",
            "autoload": {
                "psr-4": {
                    "Boldgrid\\WpMenuHelpers\\": "src/WpMenuHelpers"
                }
            },
            "license": [
                "GPL2.0"
            ],
            "authors": [
                {
                    "name": "Joe C",
                    "email": "joec@boldgrid.com",
                    "role": "Developer"
                },
                {
                    "name": "Tim Elsass",
                    "email": "dev@tim.ph",
                    "homepage": "http://tim.ph",
                    "role": "Developer"
                },
                {
                    "name": "Rafael Ramos",
                    "email": "rafaelh@boldgrid.com",
                    "homepage": "http://rafael-ramos.com",
                    "role": "Developer"
                },
                {
                    "name": "bwmarkle",
                    "email": "bradm@boldgrid.com",
                    "role": "Developer"
                }
            ],
            "description": "A composer package for BoldGrid WP Menu Helpers.",
            "support": {
                "source": "https://github.com/BoldGrid/wp-menu-helpers/tree/dev",
                "issues": "https://github.com/BoldGrid/wp-menu-helpers/issues"
            },
            "time": "2017-07-27 14:02:36"
        }
    ],
    "packages-dev": [],
    "aliases": [],
    "minimum-stability": "stable",
    "stability-flags": {
        "boldgrid/wp-menu-helpers": 20
    },
    "prefer-stable": false,
    "prefer-lowest": false,
    "platform": [],
    "platform-dev": []
}
